<?xml version="1.0" encoding="utf-8"?>
<Project ToolsVersion="4.0" xmlns="http://schemas.microsoft.com/developer/msbuild/2003">
  <ItemGroup>
    <Filter Include="Source Files">
      <UniqueIdentifier>{bfe53883-7de8-402f-b954-022ffcefb259}</UniqueIdentifier>
    </Filter>
    <Filter Include="Resource Files">
      <UniqueIdentifier>{88d016ff-11dc-4da7-9ccf-b0f86a1f39e4}</UniqueIdentifier>
    </Filter>
    <Filter Include="Source Files\crossplatform">
      <UniqueIdentifier>{81d9dae6-2dbe-49b5-8539-cbdf46301748}</UniqueIdentifier>
    </Filter>
    <Filter Include="Module Files">
      <UniqueIdentifier>{b80c85b8-f247-488e-b9b9-cd7c155a129d}</UniqueIdentifier>
    </Filter>
    <Filter Include="Module Files\ixx">
      <UniqueIdentifier>{7820e8e5-34fa-4ff1-b5c7-bc66bb5c4488}</UniqueIdentifier>
    </Filter>
    <Filter Include="Module Files\cppm">
      <UniqueIdentifier>{d7c950b5-3050-4190-8793-7522382cedb5}</UniqueIdentifier>
    </Filter>
    <Filter Include="Module Files\ixx\core">
      <UniqueIdentifier>{451a6ad6-c07d-4fc2-8b2c-5f709574e3c3}</UniqueIdentifier>
    </Filter>
    <Filter Include="Module Files\ixx\games">
      <UniqueIdentifier>{c3227ece-a074-4cd5-bb67-7a07802e3879}</UniqueIdentifier>
    </Filter>
    <Filter Include="Module Files\ixx\textures">
      <UniqueIdentifier>{7c0de147-5a32-4adc-8105-7d1148dd4631}</UniqueIdentifier>
    </Filter>
    <Filter Include="Module Files\ixx\textures\atlas">
      <UniqueIdentifier>{d61d2d50-1b85-4fd3-88f3-d29b1dc37eb7}</UniqueIdentifier>
    </Filter>
    <Filter Include="Module Files\ixx\textures\sprite">
      <UniqueIdentifier>{8cdf4ae0-fb03-4398-bff5-6fa768fbee9c}</UniqueIdentifier>
    </Filter>
    <Filter Include="Module Files\ixx\scene">
      <UniqueIdentifier>{fff9e4cb-6565-42f1-89a6-4e686ef16cfe}</UniqueIdentifier>
    </Filter>
    <Filter Include="Module Files\ixx\gui">
      <UniqueIdentifier>{2ccfdfe5-0684-44e3-9d28-f15617a73c33}</UniqueIdentifier>
    </Filter>
    <Filter Include="Module Files\ixx\textures\font">
      <UniqueIdentifier>{257e1949-1d53-4c01-bddf-0ec8ef2a416f}</UniqueIdentifier>
    </Filter>
    <Filter Include="Module Files\ixx\core\context">
      <UniqueIdentifier>{64901bd1-e817-4bef-9f30-89b94c2e3dc7}</UniqueIdentifier>
    </Filter>
    <Filter Include="Module Files\ixx\utilities">
      <UniqueIdentifier>{e0146995-fa5e-47b2-b274-9f032b8b2dc3}</UniqueIdentifier>
    </Filter>
    <Filter Include="Header Files">
      <UniqueIdentifier>{e556c93a-d317-4752-b807-f1dd084ff695}</UniqueIdentifier>
    </Filter>
    <Filter Include="Module Files\cppm\crossplatform">
      <UniqueIdentifier>{c3944531-7e90-4bef-b427-d741cb669b8e}</UniqueIdentifier>
    </Filter>
    <Filter Include="Module Files\ixx\core\platform">
      <UniqueIdentifier>{a2017f7c-ed47-428d-a368-49f143de6297}</UniqueIdentifier>
    </Filter>
    <Filter Include="Module Files\ixx\core\networking">
      <UniqueIdentifier>{017e96bf-6d1e-4f5c-9cee-a9d3e728f727}</UniqueIdentifier>
    </Filter>
    <Filter Include="Module Files\ixx\core\input">
      <UniqueIdentifier>{8bc29a1c-9598-419a-9620-f0e14cf37c5c}</UniqueIdentifier>
    </Filter>
    <Filter Include="Module Files\ixx\core\multithreading">
      <UniqueIdentifier>{2ce30849-3d60-4490-a9fb-b30f35dde8ac}</UniqueIdentifier>
    </Filter>
    <Filter Include="Module Files\ixx\updater">
      <UniqueIdentifier>{ab044649-9a0c-44e8-a553-56de92e0b72a}</UniqueIdentifier>
    </Filter>
    <Filter Include="Module Files\ixx\scripting">
      <UniqueIdentifier>{3aa5fac9-c015-46de-9c6e-c213cfcc0700}</UniqueIdentifier>
    </Filter>
    <Filter Include="Module Files\ixx\core\ecs">
      <UniqueIdentifier>{0ef8e8c3-4033-4be2-bd81-e4a46b1c3e11}</UniqueIdentifier>
    </Filter>
    <Filter Include="Module Files\ixx\core\context\backends">
      <UniqueIdentifier>{c8e3ff66-77c6-4eff-adfd-d53576a7531f}</UniqueIdentifier>
    </Filter>
    <Filter Include="Module Files\ixx\core\context\backends\noop">
      <UniqueIdentifier>{156c4225-e916-4720-9bb9-d4823bdbc871}</UniqueIdentifier>
    </Filter>
    <Filter Include="Module Files\ixx\core\context\backends\opengl">
      <UniqueIdentifier>{f8294a0e-5c1f-4fde-8653-f4e3e2403965}</UniqueIdentifier>
    </Filter>
    <Filter Include="Module Files\ixx\core\context\backends\raylib">
      <UniqueIdentifier>{a31bfe35-906a-4b00-81e3-274a854963d8}</UniqueIdentifier>
    </Filter>
    <Filter Include="Module Files\ixx\core\context\backends\sdl">
      <UniqueIdentifier>{4edc424b-5425-4fdd-985f-a41635fc1f4f}</UniqueIdentifier>
    </Filter>
    <Filter Include="Module Files\ixx\core\context\backends\sfml">
      <UniqueIdentifier>{2f4f5f39-f53c-48a4-830a-c271bcb71769}</UniqueIdentifier>
    </Filter>
    <Filter Include="Module Files\ixx\core\context\backends\software">
      <UniqueIdentifier>{b233ec1d-06d6-4ca0-8857-f3c7b7df6f8a}</UniqueIdentifier>
    </Filter>
    <Filter Include="Module Files\ixx\core\context\backends\vulkan">
      <UniqueIdentifier>{de3e8c0b-4f63-41ae-bdce-6545e23a2c76}</UniqueIdentifier>
    </Filter>
  </ItemGroup>
  <ItemGroup>
    <ClInclude Include="$(MSBuildThisFileDirectory)src\pch.h">
      <Filter>Resource Files</Filter>
    </ClInclude>
    <ClInclude Include="$(MSBuildThisFileDirectory)src\resource.h">
      <Filter>Resource Files</Filter>
    </ClInclude>
    <ClInclude Include="$(MSBuildThisFileDirectory)include\aframework.hpp">
      <Filter>Header Files</Filter>
    </ClInclude>
    <ClInclude Include="$(MSBuildThisFileDirectory)include\aengine.config.hpp">
      <Filter>Header Files</Filter>
    </ClInclude>
    <ClInclude Include="$(MSBuildThisFileDirectory)include\aengine.hpp">
      <Filter>Header Files</Filter>
    </ClInclude>
  </ItemGroup>
  <ItemGroup>
    <Image Include="$(MSBuildThisFileDirectory)src\icon.ico">
      <Filter>Resource Files</Filter>
    </Image>
  </ItemGroup>
  <ItemGroup>
    <None Include="$(MSBuildThisFileDirectory)src\WinResource.aps">
      <Filter>Resource Files</Filter>
    </None>
    <None Include="$(MSBuildThisFileDirectory)vcpkg.json">
      <Filter>Resource Files</Filter>
    </None>
    <None Include="$(MSBuildThisFileDirectory)modules\.gitkeep">
      <Filter>Module Files</Filter>
    </None>
  </ItemGroup>
  <ItemGroup>
    <ResourceCompile Include="$(MSBuildThisFileDirectory)src\WinResource.rc">
      <Filter>Resource Files</Filter>
    </ResourceCompile>
  </ItemGroup>
  <ItemGroup>
    <ClCompile Include="$(MSBuildThisFileDirectory)src\scripts\editor_launcher.ascript.cpp">
      <Filter>Source Files</Filter>
    </ClCompile>
    <ClCompile Include="$(MSBuildThisFileDirectory)src\acontextmultiplexer_linux.cpp">
      <Filter>Source Files\crossplatform</Filter>
    </ClCompile>
    <ClCompile Include="$(MSBuildThisFileDirectory)src\aopenglplatform_linux.cpp">
      <Filter>Source Files\crossplatform</Filter>
    </ClCompile>
    <ClCompile Include="$(MSBuildThisFileDirectory)modules\amovementevent.ixx">
      <Filter>Module Files\ixx</Filter>
    </ClCompile>
    <ClCompile Include="$(MSBuildThisFileDirectory)modules\aeventsystem.ixx">
      <Filter>Module Files\ixx</Filter>
    </ClCompile>
    <ClCompile Include="$(MSBuildThisFileDirectory)modules\aeditor.ixx">
      <Filter>Module Files\ixx</Filter>
    </ClCompile>
    <ClCompile Include="$(MSBuildThisFileDirectory)modules\asaveloadsystem.ixx">
      <Filter>Module Files\ixx</Filter>
    </ClCompile>
    <ClCompile Include="$(MSBuildThisFileDirectory)modules\aengine.diagnostics.ixx">
      <Filter>Module Files\ixx\core</Filter>
    </ClCompile>
    <ClCompile Include="$(MSBuildThisFileDirectory)modules\aengine.engine_components.ixx">
      <Filter>Module Files\ixx\core</Filter>
    </ClCompile>
    <ClCompile Include="$(MSBuildThisFileDirectory)modules\aengine.handles.ixx">
      <Filter>Module Files\ixx\core</Filter>
    </ClCompile>
    <ClCompile Include="$(MSBuildThisFileDirectory)modules\aengine.systems.ixx">
      <Filter>Module Files\ixx\core</Filter>
    </ClCompile>
    <ClCompile Include="$(MSBuildThisFileDirectory)modules\aengine.version.ixx">
      <Filter>Module Files\ixx\core</Filter>
    </ClCompile>
    <ClCompile Include="$(MSBuildThisFileDirectory)modules\a2048like.ixx">
      <Filter>Module Files\ixx\games</Filter>
    </ClCompile>
    <ClCompile Include="$(MSBuildThisFileDirectory)modules\atetrislike.ixx">
      <Filter>Module Files\ixx\games</Filter>
    </ClCompile>
    <ClCompile Include="$(MSBuildThisFileDirectory)modules\asnakelike.ixx">
      <Filter>Module Files\ixx\games</Filter>
    </ClCompile>
    <ClCompile Include="$(MSBuildThisFileDirectory)modules\asokobanlike.ixx">
      <Filter>Module Files\ixx\games</Filter>
    </ClCompile>
    <ClCompile Include="$(MSBuildThisFileDirectory)modules\aslidingpuzzlelike.ixx">
      <Filter>Module Files\ixx\games</Filter>
    </ClCompile>
    <ClCompile Include="$(MSBuildThisFileDirectory)modules\asandsim.ixx">
      <Filter>Module Files\ixx\games</Filter>
    </ClCompile>
    <ClCompile Include="$(MSBuildThisFileDirectory)modules\apacmanlike.ixx">
      <Filter>Module Files\ixx\games</Filter>
    </ClCompile>
    <ClCompile Include="$(MSBuildThisFileDirectory)modules\aminesweeperlike.ixx">
      <Filter>Module Files\ixx\games</Filter>
    </ClCompile>
    <ClCompile Include="$(MSBuildThisFileDirectory)modules\amatch3like.ixx">
      <Filter>Module Files\ixx\games</Filter>
    </ClCompile>
    <ClCompile Include="$(MSBuildThisFileDirectory)modules\afroggerlike.ixx">
      <Filter>Module Files\ixx\games</Filter>
    </ClCompile>
    <ClCompile Include="$(MSBuildThisFileDirectory)modules\agamecore.ixx">
      <Filter>Module Files\ixx\games</Filter>
    </ClCompile>
    <ClCompile Include="$(MSBuildThisFileDirectory)modules\acellularsim.ixx">
      <Filter>Module Files\ixx\games</Filter>
    </ClCompile>
    <ClCompile Include="$(MSBuildThisFileDirectory)modules\autility.allocator.ixx">
      <Filter>Module Files\ixx\utilities</Filter>
    </ClCompile>
    <ClCompile Include="$(MSBuildThisFileDirectory)modules\autility.atomicfunction.ixx">
      <Filter>Module Files\ixx\utilities</Filter>
    </ClCompile>
    <ClCompile Include="$(MSBuildThisFileDirectory)modules\aengine.core.commandline.ixx">
      <Filter>Module Files\ixx\utilities</Filter>
    </ClCompile>
    <ClCompile Include="$(MSBuildThisFileDirectory)modules\autility.codeinspector.ixx">
      <Filter>Module Files\ixx\utilities</Filter>
    </ClCompile>
    <ClCompile Include="$(MSBuildThisFileDirectory)modules\aenduserapplication.ixx">
      <Filter>Module Files\ixx\games</Filter>
    </ClCompile>
    <ClCompile Include="$(MSBuildThisFileDirectory)modules\aapplicationmodule.ixx">
      <Filter>Module Files\ixx\games</Filter>
    </ClCompile>
    <ClCompile Include="$(MSBuildThisFileDirectory)modules\aautility.noheapguard.ixx">
      <Filter>Module Files\ixx\utilities</Filter>
    </ClCompile>
    <ClCompile Include="$(MSBuildThisFileDirectory)modules\autility.filewatch.ixx">
      <Filter>Module Files\ixx\utilities</Filter>
    </ClCompile>
    <ClCompile Include="$(MSBuildThisFileDirectory)modules\aengine.core.time.ixx">
      <Filter>Module Files\ixx\utilities</Filter>
    </ClCompile>
    <ClCompile Include="$(MSBuildThisFileDirectory)modules\aengine.core.logger.ixx">
      <Filter>Module Files\ixx\utilities</Filter>
    </ClCompile>
    <ClCompile Include="$(MSBuildThisFileDirectory)modules\aengine.core.utilities.ixx">
      <Filter>Module Files\ixx\utilities</Filter>
    </ClCompile>
    <ClCompile Include="$(MSBuildThisFileDirectory)modules\aengine.core.types.ixx">
      <Filter>Module Files\ixx\utilities</Filter>
    </ClCompile>
    <ClCompile Include="$(MSBuildThisFileDirectory)modules\aimageatlaswriter.ixx">
      <Filter>Module Files\ixx\textures</Filter>
    </ClCompile>
    <ClCompile Include="$(MSBuildThisFileDirectory)modules\aimage.loader.ixx">
      <Filter>Module Files\ixx\textures</Filter>
    </ClCompile>
    <ClCompile Include="$(MSBuildThisFileDirectory)modules\aimage.writer.ixx">
      <Filter>Module Files\ixx\textures</Filter>
    </ClCompile>
    <ClCompile Include="$(MSBuildThisFileDirectory)modules\atexture.ixx">
      <Filter>Module Files\ixx\textures</Filter>
    </ClCompile>
    <ClCompile Include="$(MSBuildThisFileDirectory)modules\aengine.context.cppm">
      <Filter>Module Files\cppm</Filter>
    </ClCompile>
    <ClCompile Include="$(MSBuildThisFileDirectory)modules\aatlas.manager.ixx">
      <Filter>Module Files\ixx\textures\atlas</Filter>
    </ClCompile>
    <ClCompile Include="$(MSBuildThisFileDirectory)modules\aatlas.texture.ixx">
      <Filter>Module Files\ixx\textures\atlas</Filter>
    </ClCompile>
    <ClCompile Include="$(MSBuildThisFileDirectory)modules\aspriteregistry.ixx">
      <Filter>Module Files\ixx\textures\sprite</Filter>
    </ClCompile>
    <ClCompile Include="$(MSBuildThisFileDirectory)modules\asprite.pool.ixx">
      <Filter>Module Files\ixx\textures\sprite</Filter>
    </ClCompile>
    <ClCompile Include="$(MSBuildThisFileDirectory)modules\aspritehandle.ixx">
      <Filter>Module Files\ixx\textures\sprite</Filter>
    </ClCompile>
    <ClCompile Include="$(MSBuildThisFileDirectory)modules\acontext.opengl.context.ixx">
      <Filter>Module Files\ixx\core\context\backends\opengl</Filter>
    </ClCompile>
    <ClCompile Include="$(MSBuildThisFileDirectory)modules\acontext.opengl.renderer.ixx">
      <Filter>Module Files\ixx\core\context\backends\opengl</Filter>
    </ClCompile>
    <ClCompile Include="$(MSBuildThisFileDirectory)modules\acontext.opengl.textures.ixx">
      <Filter>Module Files\ixx\core\context\backends\opengl</Filter>
    </ClCompile>
    <ClCompile Include="$(MSBuildThisFileDirectory)modules\acontext.sdl.context.ixx">
      <Filter>Module Files\ixx\core\context\backends\sdl</Filter>
    </ClCompile>
    <ClCompile Include="$(MSBuildThisFileDirectory)modules\acontext.sdl.renderer.ixx">
      <Filter>Module Files\ixx\core\context\backends\sdl</Filter>
    </ClCompile>
    <ClCompile Include="$(MSBuildThisFileDirectory)modules\acontext.sdl.state.ixx">
      <Filter>Module Files\ixx\core\context\backends\sdl</Filter>
    </ClCompile>
    <ClCompile Include="$(MSBuildThisFileDirectory)modules\acontext.sdl.textures.ixx">
      <Filter>Module Files\ixx\core\context\backends\sdl</Filter>
    </ClCompile>
    <ClCompile Include="$(MSBuildThisFileDirectory)modules\acontext.softrenderer.textures.ixx">
      <Filter>Module Files\ixx\core\context\backends\software</Filter>
    </ClCompile>
    <ClCompile Include="$(MSBuildThisFileDirectory)modules\acontext.softrenderer.state.ixx">
      <Filter>Module Files\ixx\core\context\backends\software</Filter>
    </ClCompile>
    <ClCompile Include="$(MSBuildThisFileDirectory)modules\acontext.softrenderer.renderer.ixx">
      <Filter>Module Files\ixx\core\context\backends\software</Filter>
    </ClCompile>
    <ClCompile Include="$(MSBuildThisFileDirectory)modules\acontext.softrenderer.quad.ixx">
      <Filter>Module Files\ixx\core\context\backends\software</Filter>
    </ClCompile>
    <ClCompile Include="$(MSBuildThisFileDirectory)modules\acontext.softrenderer.context.ixx">
      <Filter>Module Files\ixx\core\context\backends\software</Filter>
    </ClCompile>
    <ClCompile Include="$(MSBuildThisFileDirectory)modules\acontext.raylib.context.ixx">
      <Filter>Module Files\ixx\core\context\backends\raylib</Filter>
    </ClCompile>
    <ClCompile Include="$(MSBuildThisFileDirectory)modules\aengine.context.sdl.ixx">
      <Filter>Module Files\ixx\core\context\backends\sdl</Filter>
    </ClCompile>
    <ClCompile Include="$(MSBuildThisFileDirectory)modules\aopenglfreetype.ixx">
      <Filter>Module Files\ixx\core\context\backends\opengl</Filter>
    </ClCompile>
    <ClCompile Include="$(MSBuildThisFileDirectory)modules\acontext.opengl.platform.ixx">
      <Filter>Module Files\ixx\core\context\backends\opengl</Filter>
    </ClCompile>
    <ClCompile Include="$(MSBuildThisFileDirectory)modules\acontext.opengl.quad.ixx">
      <Filter>Module Files\ixx\core\context\backends\opengl</Filter>
    </ClCompile>
    <ClCompile Include="$(MSBuildThisFileDirectory)modules\avulkantriangle.ixx">
      <Filter>Module Files\ixx\core\context\backends\vulkan</Filter>
    </ClCompile>
    <ClCompile Include="$(MSBuildThisFileDirectory)modules\avulkantexture.ixx">
      <Filter>Module Files\ixx\core\context\backends\vulkan</Filter>
    </ClCompile>
    <ClCompile Include="$(MSBuildThisFileDirectory)modules\avulkanswapchain.ixx">
      <Filter>Module Files\ixx\core\context\backends\vulkan</Filter>
    </ClCompile>
    <ClCompile Include="$(MSBuildThisFileDirectory)modules\avulkanshaderpipeline.ixx">
      <Filter>Module Files\ixx\core\context\backends\vulkan</Filter>
    </ClCompile>
    <ClCompile Include="$(MSBuildThisFileDirectory)modules\avulkanrenderer.ixx">
      <Filter>Module Files\ixx\core\context\backends\vulkan</Filter>
    </ClCompile>
    <ClCompile Include="$(MSBuildThisFileDirectory)modules\avulkanquad.ixx">
      <Filter>Module Files\ixx\core\context\backends\vulkan</Filter>
    </ClCompile>
    <ClCompile Include="$(MSBuildThisFileDirectory)modules\avulkanglfwsetup.ixx">
      <Filter>Module Files\ixx\core\context\backends\vulkan</Filter>
    </ClCompile>
    <ClCompile Include="$(MSBuildThisFileDirectory)modules\aengine.input.ixx">
      <Filter>Module Files\ixx\core\input</Filter>
    </ClCompile>
    <ClCompile Include="$(MSBuildThisFileDirectory)modules\aengine.context.commandqueue.ixx">
      <Filter>Module Files\ixx\core\context</Filter>
    </ClCompile>
    <ClCompile Include="$(MSBuildThisFileDirectory)modules\aengine.context.control.ixx">
      <Filter>Module Files\ixx\core\context</Filter>
    </ClCompile>
    <ClCompile Include="$(MSBuildThisFileDirectory)modules\aengine.context.multiplexer.ixx">
      <Filter>Module Files\ixx\core\context</Filter>
    </ClCompile>
    <ClCompile Include="$(MSBuildThisFileDirectory)modules\aengine.context.type.ixx">
      <Filter>Module Files\ixx\core\context</Filter>
    </ClCompile>
    <ClCompile Include="$(MSBuildThisFileDirectory)modules\acontext.noop.context.ixx">
      <Filter>Module Files\ixx\core\context\backends\noop</Filter>
    </ClCompile>
    <ClCompile Include="$(MSBuildThisFileDirectory)modules\asfmlcontext.ixx">
      <Filter>Module Files\ixx\core\context\backends\sfml</Filter>
    </ClCompile>
    <ClCompile Include="$(MSBuildThisFileDirectory)modules\asfmlrenderer.ixx">
      <Filter>Module Files\ixx\core\context\backends\sfml</Filter>
    </ClCompile>
    <ClCompile Include="$(MSBuildThisFileDirectory)modules\asfmlstate.ixx">
      <Filter>Module Files\ixx\core\context\backends\sfml</Filter>
    </ClCompile>
    <ClCompile Include="$(MSBuildThisFileDirectory)modules\asfmltextures.ixx">
      <Filter>Module Files\ixx\core\context\backends\sfml</Filter>
    </ClCompile>
    <ClCompile Include="$(MSBuildThisFileDirectory)modules\aecs.components.ixx">
      <Filter>Module Files\ixx\core\ecs</Filter>
    </ClCompile>
    <ClCompile Include="$(MSBuildThisFileDirectory)modules\aecs.internal_private.ixx">
      <Filter>Module Files\ixx\core\ecs</Filter>
    </ClCompile>
    <ClCompile Include="$(MSBuildThisFileDirectory)modules\aecs.ixx">
      <Filter>Module Files\ixx\core\ecs</Filter>
    </ClCompile>
    <ClCompile Include="$(MSBuildThisFileDirectory)modules\aecs.storage.ixx">
      <Filter>Module Files\ixx\core\ecs</Filter>
    </ClCompile>
    <ClCompile Include="$(MSBuildThisFileDirectory)modules\aentity.ixx">
      <Filter>Module Files\ixx\core\ecs</Filter>
    </ClCompile>
    <ClCompile Include="$(MSBuildThisFileDirectory)modules\aentity.component.manager.ixx">
      <Filter>Module Files\ixx\core\ecs</Filter>
    </ClCompile>
    <ClCompile Include="$(MSBuildThisFileDirectory)modules\aentityhistory.ixx">
      <Filter>Module Files\ixx\core\ecs</Filter>
    </ClCompile>
    <ClCompile Include="$(MSBuildThisFileDirectory)modules\aengine.updater.system.ixx">
      <Filter>Module Files\ixx\updater</Filter>
    </ClCompile>
    <ClCompile Include="$(MSBuildThisFileDirectory)modules\aengine.updater.config.ixx">
      <Filter>Module Files\ixx\updater</Filter>
    </ClCompile>
    <ClCompile Include="$(MSBuildThisFileDirectory)modules\aengine.updater.ixx">
      <Filter>Module Files\ixx\updater</Filter>
    </ClCompile>
    <ClCompile Include="$(MSBuildThisFileDirectory)modules\aengine.updater.tools.ixx">
      <Filter>Module Files\ixx\updater</Filter>
    </ClCompile>
    <ClCompile Include="$(MSBuildThisFileDirectory)modules\ascene.ixx">
      <Filter>Module Files\ixx\scene</Filter>
    </ClCompile>
    <ClCompile Include="$(MSBuildThisFileDirectory)modules\asceneserializer.ixx">
      <Filter>Module Files\ixx\scene</Filter>
    </ClCompile>
    <ClCompile Include="$(MSBuildThisFileDirectory)modules\ascenesnapshot.ixx">
      <Filter>Module Files\ixx\scene</Filter>
    </ClCompile>
    <ClCompile Include="$(MSBuildThisFileDirectory)modules\atypes.ixx">
      <Filter>Module Files\ixx\core\platform</Filter>
    </ClCompile>
    <ClCompile Include="$(MSBuildThisFileDirectory)modules\atypesposix.ixx">
      <Filter>Module Files\ixx\core\platform</Filter>
    </ClCompile>
    <ClCompile Include="$(MSBuildThisFileDirectory)modules\atypeswin32.ixx">
      <Filter>Module Files\ixx\core\platform</Filter>
    </ClCompile>
    <ClCompile Include="$(MSBuildThisFileDirectory)modules\autility.string.converter.ixx">
      <Filter>Module Files\ixx\utilities</Filter>
    </ClCompile>
    <ClCompile Include="$(MSBuildThisFileDirectory)modules\ampmcboundedqueue.ixx">
      <Filter>Module Files\ixx\core\multithreading</Filter>
    </ClCompile>
    <ClCompile Include="$(MSBuildThisFileDirectory)modules\aengine.scripting.compiler.ixx">
      <Filter>Module Files\ixx\scripting</Filter>
    </ClCompile>
    <ClCompile Include="$(MSBuildThisFileDirectory)modules\aplatformpump.ixx">
      <Filter>Module Files\ixx\core\platform</Filter>
    </ClCompile>
    <ClCompile Include="$(MSBuildThisFileDirectory)modules\aframework.ixx">
      <Filter>Module Files\ixx\core\platform</Filter>
    </ClCompile>
    <ClCompile Include="$(MSBuildThisFileDirectory)modules\almondshell.ixx">
      <Filter>Module Files\ixx</Filter>
    </ClCompile>
    <ClCompile Include="$(MSBuildThisFileDirectory)modules\aengine.platform.ixx">
      <Filter>Module Files\ixx\core\platform</Filter>
    </ClCompile>
    <ClCompile Include="$(MSBuildThisFileDirectory)modules\aengine.gui.ixx">
      <Filter>Module Files\ixx\gui</Filter>
    </ClCompile>
    <ClCompile Include="$(MSBuildThisFileDirectory)modules\aengine.taskgraph.dotsystem.ixx">
      <Filter>Module Files\ixx\core\multithreading</Filter>
    </ClCompile>
    <ClCompile Include="$(MSBuildThisFileDirectory)modules\amipmapatlas.ixx">
      <Filter>Module Files\ixx\textures\atlas</Filter>
    </ClCompile>
    <ClCompile Include="$(MSBuildThisFileDirectory)modules\afont.renderer.ixx">
      <Filter>Module Files\ixx\textures\font</Filter>
    </ClCompile>
    <ClCompile Include="$(MSBuildThisFileDirectory)modules\acontext.raylib.input.ixx">
      <Filter>Module Files\ixx\core\context\backends\raylib</Filter>
    </ClCompile>
    <ClCompile Include="$(MSBuildThisFileDirectory)modules\aengine.gui.menu.ixx">
      <Filter>Module Files\ixx\gui</Filter>
    </ClCompile>
    <ClCompile Include="$(MSBuildThisFileDirectory)modules\anet.ixx">
      <Filter>Module Files\ixx\core\networking</Filter>
    </ClCompile>
    <ClCompile Include="$(MSBuildThisFileDirectory)src modules\aeditor.cppm">
      <Filter>Module Files\cppm</Filter>
    </ClCompile>
    <ClCompile Include="$(MSBuildThisFileDirectory)src modules\aengine.gui.cppm">
      <Filter>Module Files\cppm</Filter>
    </ClCompile>
    <ClCompile Include="$(MSBuildThisFileDirectory)src modules\aengine.scripting.compiler.cppm">
      <Filter>Module Files\cppm</Filter>
    </ClCompile>
    <ClCompile Include="$(MSBuildThisFileDirectory)src modules\afilewatch.cppm">
      <Filter>Module Files\cppm</Filter>
    </ClCompile>
    <ClCompile Include="$(MSBuildThisFileDirectory)src modules\afont.renderer.impl.cppm">
      <Filter>Module Files\cppm</Filter>
    </ClCompile>
    <ClCompile Include="$(MSBuildThisFileDirectory)modules\acontext.opengl.state.ixx">
      <Filter>Module Files\ixx\core\context\backends\opengl</Filter>
    </ClCompile>
    <ClCompile Include="$(MSBuildThisFileDirectory)modules\ascripting.system.ixx">
      <Filter>Module Files\ixx\scripting</Filter>
    </ClCompile>
    <ClCompile Include="$(MSBuildThisFileDirectory)modules\aengine.cli.ixx">
      <Filter>Module Files\ixx\utilities</Filter>
    </ClCompile>
    <ClCompile Include="$(MSBuildThisFileDirectory)modules\aengine.bindings.ixx">
      <Filter>Module Files\ixx\utilities</Filter>
    </ClCompile>
    <ClCompile Include="$(MSBuildThisFileDirectory)src\aengine.cpp">
      <Filter>Source Files</Filter>
    </ClCompile>
    <ClCompile Include="$(MSBuildThisFileDirectory)src modules\acontext.opengl.platform.win.cppm">
      <Filter>Module Files\cppm\crossplatform</Filter>
    </ClCompile>
    <ClCompile Include="$(MSBuildThisFileDirectory)src modules\acontext.opengl.platform.linux.cppm">
      <Filter>Module Files\cppm\crossplatform</Filter>
    </ClCompile>
    <ClCompile Include="$(MSBuildThisFileDirectory)src modules\aengine.context.multiplexer.win.cppm">
      <Filter>Module Files\cppm\crossplatform</Filter>
    </ClCompile>
    <ClCompile Include="$(MSBuildThisFileDirectory)modules\aengine.core.context.ixx">
      <Filter>Module Files\ixx\core\context</Filter>
    </ClCompile>
    <ClCompile Include="$(MSBuildThisFileDirectory)modules\aengine.context.window.ixx">
      <Filter>Module Files\ixx\core\context</Filter>
    </ClCompile>
    <ClCompile Include="$(MSBuildThisFileDirectory)modules\acontext.raylib.textures.ixx">
      <Filter>Module Files\ixx\core\context\backends\raylib</Filter>
    </ClCompile>
    <ClCompile Include="$(MSBuildThisFileDirectory)modules\aopengltriangle.ixx">
      <Filter>Module Files\ixx\core\context\backends\opengl</Filter>
    </ClCompile>
    <ClCompile Include="$(MSBuildThisFileDirectory)modules\acontext.raylib.state.ixx">
      <Filter>Module Files\ixx\core\context\backends\raylib</Filter>
    </ClCompile>
    <ClCompile Include="$(MSBuildThisFileDirectory)modules\acontext.raylib.renderer.ixx">
      <Filter>Module Files\ixx\core\context\backends\raylib</Filter>
    </ClCompile>
  </ItemGroup>
</Project>