<?xml version="1.0" encoding="utf-8"?>
<Project ToolsVersion="4.0" xmlns="http://schemas.microsoft.com/developer/msbuild/2003">
  <ItemGroup>
    <Filter Include="Source Files">
      <UniqueIdentifier>{bfe53883-7de8-402f-b954-022ffcefb259}</UniqueIdentifier>
    </Filter>
    <Filter Include="Resource Files">
      <UniqueIdentifier>{88d016ff-11dc-4da7-9ccf-b0f86a1f39e4}</UniqueIdentifier>
    </Filter>
    <Filter Include="Header Files">
      <UniqueIdentifier>{e556c93a-d317-4752-b807-f1dd084ff695}</UniqueIdentifier>
    </Filter>
    <Filter Include="Header Files\core">
      <UniqueIdentifier>{ac93ed71-6ea0-414b-b8ab-59d4ad2285fa}</UniqueIdentifier>
    </Filter>
    <Filter Include="Header Files\ecs">
      <UniqueIdentifier>{2b441e7a-7e92-4ed0-8d57-618084424f28}</UniqueIdentifier>
    </Filter>
    <Filter Include="Header Files\events">
      <UniqueIdentifier>{3c2856f3-be1b-4f77-b116-f5b078e3cdb3}</UniqueIdentifier>
    </Filter>
    <Filter Include="Header Files\models">
      <UniqueIdentifier>{a5d8076b-ffd8-443f-80f2-cac0de4d3509}</UniqueIdentifier>
    </Filter>
    <Filter Include="Header Files\updater">
      <UniqueIdentifier>{c825e99e-ff23-4953-bfae-4fcb2a921afa}</UniqueIdentifier>
    </Filter>
    <Filter Include="Header Files\core\utilities">
      <UniqueIdentifier>{75a3550e-abee-4bce-abad-700666194378}</UniqueIdentifier>
    </Filter>
    <Filter Include="Header Files\core\backbone">
      <UniqueIdentifier>{cb24dea4-14ee-4edc-8d17-77e0a4d6e704}</UniqueIdentifier>
    </Filter>
    <Filter Include="Header Files\core\scripting">
      <UniqueIdentifier>{f4590aad-bf09-4d16-8729-eec648c88828}</UniqueIdentifier>
    </Filter>
    <Filter Include="Header Files\core\platform">
      <UniqueIdentifier>{d4d94f55-512b-4b47-9645-de2196105cd8}</UniqueIdentifier>
    </Filter>
    <Filter Include="Header Files\core\scripting\cpp">
      <UniqueIdentifier>{f299a200-e310-4b2f-92e8-1124a79c7f5a}</UniqueIdentifier>
    </Filter>
    <Filter Include="Source Files\crossplatform">
      <UniqueIdentifier>{81d9dae6-2dbe-49b5-8539-cbdf46301748}</UniqueIdentifier>
    </Filter>
    <Filter Include="Module Files">
      <UniqueIdentifier>{b80c85b8-f247-488e-b9b9-cd7c155a129d}</UniqueIdentifier>
    </Filter>
    <Filter Include="Module Files\ixx">
      <UniqueIdentifier>{7820e8e5-34fa-4ff1-b5c7-bc66bb5c4488}</UniqueIdentifier>
    </Filter>
    <Filter Include="Module Files\cppm">
      <UniqueIdentifier>{d7c950b5-3050-4190-8793-7522382cedb5}</UniqueIdentifier>
    </Filter>
    <Filter Include="Header Files\core\userinput">
      <UniqueIdentifier>{276bb01b-3dc8-44d4-831b-40d1c96be9fc}</UniqueIdentifier>
    </Filter>
    <Filter Include="Header Files\core\userinterface">
      <UniqueIdentifier>{fea5ad6f-5f3d-4443-b0ce-4c590cda7df1}</UniqueIdentifier>
    </Filter>
    <Filter Include="Header Files\core\textures">
      <UniqueIdentifier>{867625c2-bb45-434a-a122-01ed37cfda90}</UniqueIdentifier>
    </Filter>
    <Filter Include="Header Files\core\textures\sprites">
      <UniqueIdentifier>{faadb914-de64-43ac-8bae-1be78bd54ac7}</UniqueIdentifier>
    </Filter>
    <Filter Include="Header Files\core\textures\atlas">
      <UniqueIdentifier>{1b390ed7-eda3-4306-9944-517942aa1533}</UniqueIdentifier>
    </Filter>
    <Filter Include="Header Files\core\backbone\applications">
      <UniqueIdentifier>{a882d22a-ba51-4787-9863-57f5e130551b}</UniqueIdentifier>
    </Filter>
    <Filter Include="Header Files\core\backbone\applications\apps">
      <UniqueIdentifier>{9a06530e-e1bc-4ac7-8e42-b41fe2f2e7b8}</UniqueIdentifier>
    </Filter>
    <Filter Include="Header Files\core\backbone\applications\menu">
      <UniqueIdentifier>{65bb1a56-7cdb-49ae-8776-d6dfa09f84be}</UniqueIdentifier>
    </Filter>
    <Filter Include="Header Files\core\backbone\applications\simulation">
      <UniqueIdentifier>{7bef822f-47d1-4830-99f7-b67925e5c689}</UniqueIdentifier>
    </Filter>
    <Filter Include="Header Files\core\backbone\applications\games">
      <UniqueIdentifier>{78365f5f-e3f7-46ca-be9f-39873802a035}</UniqueIdentifier>
    </Filter>
    <Filter Include="Header Files\core\backbone\context">
      <UniqueIdentifier>{acd128b5-8ac5-4758-b43c-237d654d0f10}</UniqueIdentifier>
    </Filter>
    <Filter Include="Header Files\core\backbone\context\opengl">
      <UniqueIdentifier>{e8ce334a-45ec-4f3d-8bd6-77f51dacd38d}</UniqueIdentifier>
    </Filter>
    <Filter Include="Header Files\core\backbone\context\vulkan">
      <UniqueIdentifier>{ebf90baf-d1b0-4d5e-b010-56dfb7d18560}</UniqueIdentifier>
    </Filter>
    <Filter Include="Header Files\core\backbone\context\raylib">
      <UniqueIdentifier>{0f4aca11-f549-4bf4-afcc-b3f67b35e9e8}</UniqueIdentifier>
    </Filter>
    <Filter Include="Header Files\core\backbone\context\sfml">
      <UniqueIdentifier>{2012e991-2ab8-465c-ae08-74e1d2495ade}</UniqueIdentifier>
    </Filter>
    <Filter Include="Header Files\core\backbone\context\sdl3">
      <UniqueIdentifier>{72cf8110-ecdf-4d7b-96eb-1f2ef25c0572}</UniqueIdentifier>
    </Filter>
    <Filter Include="Header Files\core\backbone\context\noop">
      <UniqueIdentifier>{fa9b2da1-f16c-47cc-aff4-8d61d32ecdd8}</UniqueIdentifier>
    </Filter>
    <Filter Include="Header Files\core\backbone\context\software">
      <UniqueIdentifier>{0061b6aa-b807-4d5e-a3a7-9cf47e4a53a1}</UniqueIdentifier>
    </Filter>
    <Filter Include="Header Files\multithreading">
      <UniqueIdentifier>{7e3bd506-ea03-4e3d-b870-ecb08711b753}</UniqueIdentifier>
    </Filter>
    <Filter Include="Header Files\networking">
      <UniqueIdentifier>{15711385-3dc1-46d6-b7ee-f57e8aaa6bd0}</UniqueIdentifier>
    </Filter>
    <Filter Include="Header Files\core\scene">
      <UniqueIdentifier>{b520b66c-3907-4f56-a2e7-618ef9c73e8a}</UniqueIdentifier>
    </Filter>
    <Filter Include="Header Files\core\textures\sprites\font">
      <UniqueIdentifier>{35df767e-1400-4d17-9843-a2d7f58a6997}</UniqueIdentifier>
    </Filter>
    <Filter Include="Module Files\ixx\core">
      <UniqueIdentifier>{451a6ad6-c07d-4fc2-8b2c-5f709574e3c3}</UniqueIdentifier>
    </Filter>
    <Filter Include="Module Files\ixx\games">
      <UniqueIdentifier>{c3227ece-a074-4cd5-bb67-7a07802e3879}</UniqueIdentifier>
    </Filter>
    <Filter Include="Module Files\ixx\utilities">
      <UniqueIdentifier>{e0146995-fa5e-47b2-b274-9f032b8b2dc3}</UniqueIdentifier>
    </Filter>
    <Filter Include="Module Files\ixx\textures">
      <UniqueIdentifier>{7c0de147-5a32-4adc-8105-7d1148dd4631}</UniqueIdentifier>
    </Filter>
    <Filter Include="Module Files\ixx\textures\atlas">
      <UniqueIdentifier>{d61d2d50-1b85-4fd3-88f3-d29b1dc37eb7}</UniqueIdentifier>
    </Filter>
    <Filter Include="Module Files\ixx\textures\sprite">
      <UniqueIdentifier>{8cdf4ae0-fb03-4398-bff5-6fa768fbee9c}</UniqueIdentifier>
    </Filter>
    <Filter Include="Module Files\ixx\core\backbone">
      <UniqueIdentifier>{4591ac4b-6466-441b-a953-ae0759317545}</UniqueIdentifier>
    </Filter>
    <Filter Include="Module Files\ixx\core\backbone\context">
      <UniqueIdentifier>{64901bd1-e817-4bef-9f30-89b94c2e3dc7}</UniqueIdentifier>
    </Filter>
    <Filter Include="Module Files\ixx\core\backbone\context\noop">
      <UniqueIdentifier>{156c4225-e916-4720-9bb9-d4823bdbc871}</UniqueIdentifier>
    </Filter>
    <Filter Include="Module Files\ixx\core\backbone\context\opengl">
      <UniqueIdentifier>{f8294a0e-5c1f-4fde-8653-f4e3e2403965}</UniqueIdentifier>
    </Filter>
    <Filter Include="Module Files\ixx\core\backbone\context\raylib">
      <UniqueIdentifier>{a31bfe35-906a-4b00-81e3-274a854963d8}</UniqueIdentifier>
    </Filter>
    <Filter Include="Module Files\ixx\core\backbone\context\sdl">
      <UniqueIdentifier>{4edc424b-5425-4fdd-985f-a41635fc1f4f}</UniqueIdentifier>
    </Filter>
    <Filter Include="Module Files\ixx\core\backbone\context\sfml">
      <UniqueIdentifier>{2f4f5f39-f53c-48a4-830a-c271bcb71769}</UniqueIdentifier>
    </Filter>
    <Filter Include="Module Files\ixx\core\backbone\context\software">
      <UniqueIdentifier>{b233ec1d-06d6-4ca0-8857-f3c7b7df6f8a}</UniqueIdentifier>
    </Filter>
    <Filter Include="Module Files\ixx\core\backbone\context\vulkan">
      <UniqueIdentifier>{de3e8c0b-4f63-41ae-bdce-6545e23a2c76}</UniqueIdentifier>
    </Filter>
    <Filter Include="Module Files\ixx\input">
      <UniqueIdentifier>{8bc29a1c-9598-419a-9620-f0e14cf37c5c}</UniqueIdentifier>
    </Filter>
    <Filter Include="Module Files\ixx\ecs">
      <UniqueIdentifier>{0ef8e8c3-4033-4be2-bd81-e4a46b1c3e11}</UniqueIdentifier>
    </Filter>
    <Filter Include="Module Files\ixx\scene">
      <UniqueIdentifier>{fff9e4cb-6565-42f1-89a6-4e686ef16cfe}</UniqueIdentifier>
    </Filter>
    <Filter Include="Module Files\ixx\updater">
      <UniqueIdentifier>{ab044649-9a0c-44e8-a553-56de92e0b72a}</UniqueIdentifier>
    </Filter>
    <Filter Include="Module Files\ixx\scripting">
      <UniqueIdentifier>{3aa5fac9-c015-46de-9c6e-c213cfcc0700}</UniqueIdentifier>
    </Filter>
    <Filter Include="Module Files\ixx\multithreading">
      <UniqueIdentifier>{2ce30849-3d60-4490-a9fb-b30f35dde8ac}</UniqueIdentifier>
    </Filter>
    <Filter Include="Module Files\ixx\platform">
      <UniqueIdentifier>{a2017f7c-ed47-428d-a368-49f143de6297}</UniqueIdentifier>
    </Filter>
  </ItemGroup>
  <ItemGroup>
    <ClInclude Include="$(MSBuildThisFileDirectory)include\almondengine.hpp">
      <Filter>Header Files</Filter>
    </ClInclude>
    <ClInclude Include="$(MSBuildThisFileDirectory)include\almondshell.hpp">
      <Filter>Header Files</Filter>
    </ClInclude>
    <ClInclude Include="$(MSBuildThisFileDirectory)src\pch.h">
      <Filter>Resource Files</Filter>
    </ClInclude>
    <ClInclude Include="$(MSBuildThisFileDirectory)src\resource.h">
      <Filter>Resource Files</Filter>
    </ClInclude>
    <ClInclude Include="$(MSBuildThisFileDirectory)include\aopenglcontext.hpp">
      <Filter>Header Files\core\backbone\context\opengl</Filter>
    </ClInclude>
    <ClInclude Include="$(MSBuildThisFileDirectory)include\aopenglfreetype.hpp">
      <Filter>Header Files\core\backbone\context\opengl</Filter>
    </ClInclude>
    <ClInclude Include="$(MSBuildThisFileDirectory)include\aopenglquad.hpp">
      <Filter>Header Files\core\backbone\context\opengl</Filter>
    </ClInclude>
    <ClInclude Include="$(MSBuildThisFileDirectory)include\aopenglrenderer.hpp">
      <Filter>Header Files\core\backbone\context\opengl</Filter>
    </ClInclude>
    <ClInclude Include="$(MSBuildThisFileDirectory)include\aopengltriangle.hpp">
      <Filter>Header Files\core\backbone\context\opengl</Filter>
    </ClInclude>
    <ClInclude Include="$(MSBuildThisFileDirectory)include\avulkanglfwsetup.hpp">
      <Filter>Header Files\core\backbone\context\vulkan</Filter>
    </ClInclude>
    <ClInclude Include="$(MSBuildThisFileDirectory)include\avulkanquad.hpp">
      <Filter>Header Files\core\backbone\context\vulkan</Filter>
    </ClInclude>
    <ClInclude Include="$(MSBuildThisFileDirectory)include\avulkanrenderer.hpp">
      <Filter>Header Files\core\backbone\context\vulkan</Filter>
    </ClInclude>
    <ClInclude Include="$(MSBuildThisFileDirectory)include\avulkanshaderpipeline.hpp">
      <Filter>Header Files\core\backbone\context\vulkan</Filter>
    </ClInclude>
    <ClInclude Include="$(MSBuildThisFileDirectory)include\avulkanswapchain.hpp">
      <Filter>Header Files\core\backbone\context\vulkan</Filter>
    </ClInclude>
    <ClInclude Include="$(MSBuildThisFileDirectory)include\avulkantexture.hpp">
      <Filter>Header Files\core\backbone\context\vulkan</Filter>
    </ClInclude>
    <ClInclude Include="$(MSBuildThisFileDirectory)include\avulkantriangle.hpp">
      <Filter>Header Files\core\backbone\context\vulkan</Filter>
    </ClInclude>
    <ClInclude Include="$(MSBuildThisFileDirectory)include\asnakelike.hpp">
      <Filter>Header Files\core\backbone\applications\games</Filter>
    </ClInclude>
    <ClInclude Include="$(MSBuildThisFileDirectory)include\atetrislike.hpp">
      <Filter>Header Files\core\backbone\applications\games</Filter>
    </ClInclude>
    <ClInclude Include="$(MSBuildThisFileDirectory)include\agui.hpp">
      <Filter>Header Files\core\userinterface</Filter>
    </ClInclude>
    <ClInclude Include="$(MSBuildThisFileDirectory)include\aengine.hpp">
      <Filter>Header Files\core</Filter>
    </ClInclude>
    <ClInclude Include="$(MSBuildThisFileDirectory)include\aengineconfig.hpp">
      <Filter>Header Files\core</Filter>
    </ClInclude>
    <ClInclude Include="$(MSBuildThisFileDirectory)include\aentitycomponents.hpp">
      <Filter>Header Files\ecs</Filter>
    </ClInclude>
    <ClInclude Include="$(MSBuildThisFileDirectory)include\aecs.hpp">
      <Filter>Header Files\ecs</Filter>
    </ClInclude>
    <ClInclude Include="$(MSBuildThisFileDirectory)include\aentityhistory.hpp">
      <Filter>Header Files\ecs</Filter>
    </ClInclude>
    <ClInclude Include="$(MSBuildThisFileDirectory)include\aeventsystem.hpp">
      <Filter>Header Files\events</Filter>
    </ClInclude>
    <ClInclude Include="$(MSBuildThisFileDirectory)include\aentitycomponentmanager.hpp">
      <Filter>Header Files\ecs</Filter>
    </ClInclude>
    <ClInclude Include="$(MSBuildThisFileDirectory)include\aimageloader.hpp">
      <Filter>Header Files\core\textures</Filter>
    </ClInclude>
    <ClInclude Include="$(MSBuildThisFileDirectory)include\atexture.hpp">
      <Filter>Header Files\core\textures</Filter>
    </ClInclude>
    <ClInclude Include="$(MSBuildThisFileDirectory)include\aupdateconfig.hpp">
      <Filter>Header Files\updater</Filter>
    </ClInclude>
    <ClInclude Include="$(MSBuildThisFileDirectory)include\aeditor.hpp">
      <Filter>Header Files\core</Filter>
    </ClInclude>
    <ClInclude Include="$(MSBuildThisFileDirectory)include\ascene.hpp">
      <Filter>Header Files\core\scene</Filter>
    </ClInclude>
    <ClInclude Include="$(MSBuildThisFileDirectory)include\ascenesnapshot.hpp">
      <Filter>Header Files\core\scene</Filter>
    </ClInclude>
    <ClInclude Include="$(MSBuildThisFileDirectory)src\amodelloader.hpp">
      <Filter>Header Files\models</Filter>
    </ClInclude>
    <ClInclude Include="$(MSBuildThisFileDirectory)include\asokobanlike.hpp">
      <Filter>Header Files\core\backbone\applications\games</Filter>
    </ClInclude>
    <ClInclude Include="$(MSBuildThisFileDirectory)include\afroggerlike.hpp">
      <Filter>Header Files\core\backbone\applications\games</Filter>
    </ClInclude>
    <ClInclude Include="$(MSBuildThisFileDirectory)include\apacmanlike.hpp">
      <Filter>Header Files\core\backbone\applications\games</Filter>
    </ClInclude>
    <ClInclude Include="$(MSBuildThisFileDirectory)include\aminesweeperlike.hpp">
      <Filter>Header Files\core\backbone\applications\games</Filter>
    </ClInclude>
    <ClInclude Include="$(MSBuildThisFileDirectory)include\a2048like.hpp">
      <Filter>Header Files\core\backbone\applications\games</Filter>
    </ClInclude>
    <ClInclude Include="$(MSBuildThisFileDirectory)include\aslidingpuzzlelike.hpp">
      <Filter>Header Files\core\backbone\applications\games</Filter>
    </ClInclude>
    <ClInclude Include="$(MSBuildThisFileDirectory)include\amatch3like.hpp">
      <Filter>Header Files\core\backbone\applications\games</Filter>
    </ClInclude>
    <ClInclude Include="$(MSBuildThisFileDirectory)include\asaveloadsystem.hpp">
      <Filter>Header Files\events</Filter>
    </ClInclude>
    <ClInclude Include="$(MSBuildThisFileDirectory)include\ainput.hpp">
      <Filter>Header Files\core\userinput</Filter>
    </ClInclude>
    <ClInclude Include="$(MSBuildThisFileDirectory)include\aplatform.hpp">
      <Filter>Header Files\core\platform</Filter>
    </ClInclude>
    <ClInclude Include="$(MSBuildThisFileDirectory)include\atypes.hpp">
      <Filter>Header Files\core\platform</Filter>
    </ClInclude>
    <ClInclude Include="$(MSBuildThisFileDirectory)include\atypesposix.hpp">
      <Filter>Header Files\core\platform</Filter>
    </ClInclude>
    <ClInclude Include="$(MSBuildThisFileDirectory)include\atypeswin32.hpp">
      <Filter>Header Files\core\platform</Filter>
    </ClInclude>
    <ClInclude Include="$(MSBuildThisFileDirectory)include\aframework.hpp">
      <Filter>Header Files\core\platform</Filter>
    </ClInclude>
    <ClInclude Include="$(MSBuildThisFileDirectory)include\agamecore.hpp">
      <Filter>Header Files\core\backbone\applications</Filter>
    </ClInclude>
    <ClInclude Include="$(MSBuildThisFileDirectory)include\acontext.hpp">
      <Filter>Header Files\core\backbone\context</Filter>
    </ClInclude>
    <ClInclude Include="$(MSBuildThisFileDirectory)include\autilities.hpp">
      <Filter>Header Files\core\utilities</Filter>
    </ClInclude>
    <ClInclude Include="$(MSBuildThisFileDirectory)include\arobusttime.hpp">
      <Filter>Header Files\core\utilities</Filter>
    </ClInclude>
    <ClInclude Include="$(MSBuildThisFileDirectory)include\alogger.hpp">
      <Filter>Header Files\core\utilities</Filter>
    </ClInclude>
    <ClInclude Include="$(MSBuildThisFileDirectory)include\afilewatch.hpp">
      <Filter>Header Files\core\utilities</Filter>
    </ClInclude>
    <ClInclude Include="$(MSBuildThisFileDirectory)include\anoheapguard.hpp">
      <Filter>Header Files\core\utilities</Filter>
    </ClInclude>
    <ClInclude Include="$(MSBuildThisFileDirectory)include\aversion.hpp">
      <Filter>Header Files\core\utilities</Filter>
    </ClInclude>
    <ClInclude Include="$(MSBuildThisFileDirectory)include\aallocator.hpp">
      <Filter>Header Files\core\utilities</Filter>
    </ClInclude>
    <ClInclude Include="$(MSBuildThisFileDirectory)include\aapplicationmodule.hpp">
      <Filter>Header Files\core\backbone\applications</Filter>
    </ClInclude>
    <ClInclude Include="$(MSBuildThisFileDirectory)include\aentity.hpp">
      <Filter>Header Files\ecs</Filter>
    </ClInclude>
    <ClInclude Include="$(MSBuildThisFileDirectory)include\ampmcboundedqueue.hpp">
      <Filter>Header Files\multithreading</Filter>
    </ClInclude>
    <ClInclude Include="$(MSBuildThisFileDirectory)include\ataskgraphwithdot.hpp">
      <Filter>Header Files\multithreading</Filter>
    </ClInclude>
    <ClInclude Include="$(MSBuildThisFileDirectory)include\acellularsim.hpp">
      <Filter>Header Files\core\backbone\applications\simulation</Filter>
    </ClInclude>
    <ClInclude Include="$(MSBuildThisFileDirectory)include\asandsim.hpp">
      <Filter>Header Files\core\backbone\applications\simulation</Filter>
    </ClInclude>
    <ClInclude Include="$(MSBuildThisFileDirectory)include\acodeinspector.hpp">
      <Filter>Header Files\core\utilities</Filter>
    </ClInclude>
    <ClInclude Include="$(MSBuildThisFileDirectory)include\abuildsystem.hpp">
      <Filter>Header Files\updater</Filter>
    </ClInclude>
    <ClInclude Include="$(MSBuildThisFileDirectory)include\aopengltextures.hpp">
      <Filter>Header Files\core\backbone\context\opengl</Filter>
    </ClInclude>
    <ClInclude Include="$(MSBuildThisFileDirectory)include\aspriteregistry.hpp">
      <Filter>Header Files\core\textures\sprites</Filter>
    </ClInclude>
    <ClInclude Include="$(MSBuildThisFileDirectory)include\aspritepool.hpp">
      <Filter>Header Files\core\textures\sprites</Filter>
    </ClInclude>
    <ClInclude Include="$(MSBuildThisFileDirectory)include\aspritehandle.hpp">
      <Filter>Header Files\core\textures\sprites</Filter>
    </ClInclude>
    <ClInclude Include="$(MSBuildThisFileDirectory)include\aatlasmanager.hpp">
      <Filter>Header Files\core\textures\atlas</Filter>
    </ClInclude>
    <ClInclude Include="$(MSBuildThisFileDirectory)include\aatlastexture.hpp">
      <Filter>Header Files\core\textures\atlas</Filter>
    </ClInclude>
    <ClInclude Include="$(MSBuildThisFileDirectory)include\amipmapatlas.hpp">
      <Filter>Header Files\core\textures\atlas</Filter>
    </ClInclude>
    <ClInclude Include="$(MSBuildThisFileDirectory)include\anet.hpp">
      <Filter>Header Files\networking</Filter>
    </ClInclude>
    <ClInclude Include="$(MSBuildThisFileDirectory)include\acommandline.hpp">
      <Filter>Header Files\core\utilities</Filter>
    </ClInclude>
    <ClInclude Include="$(MSBuildThisFileDirectory)include\aopenglstate.hpp">
      <Filter>Header Files\core\backbone\context\opengl</Filter>
    </ClInclude>
    <ClInclude Include="$(MSBuildThisFileDirectory)include\asdlcontext.hpp">
      <Filter>Header Files\core\backbone\context\sdl3</Filter>
    </ClInclude>
    <ClInclude Include="$(MSBuildThisFileDirectory)include\asdlstate.hpp">
      <Filter>Header Files\core\backbone\context\sdl3</Filter>
    </ClInclude>
    <ClInclude Include="$(MSBuildThisFileDirectory)include\anoopcontext.hpp">
      <Filter>Header Files\core\backbone\context\noop</Filter>
    </ClInclude>
    <ClInclude Include="$(MSBuildThisFileDirectory)include\asdlcontextrenderer.hpp">
      <Filter>Header Files\core\backbone\context\sdl3</Filter>
    </ClInclude>
    <ClInclude Include="$(MSBuildThisFileDirectory)include\asdltextures.hpp">
      <Filter>Header Files\core\backbone\context\sdl3</Filter>
    </ClInclude>
    <ClInclude Include="$(MSBuildThisFileDirectory)include\aimagewriter.hpp">
      <Filter>Header Files\core\textures</Filter>
    </ClInclude>
    <ClInclude Include="$(MSBuildThisFileDirectory)include\aimageatlaswriter.hpp">
      <Filter>Header Files\core\textures</Filter>
    </ClInclude>
    <ClInclude Include="$(MSBuildThisFileDirectory)include\aenginehandles.hpp">
      <Filter>Header Files\core\textures\sprites</Filter>
    </ClInclude>
    <ClInclude Include="$(MSBuildThisFileDirectory)include\araylibcontext.hpp">
      <Filter>Header Files\core\backbone\context\raylib</Filter>
    </ClInclude>
    <ClInclude Include="$(MSBuildThisFileDirectory)include\araylibrenderer.hpp">
      <Filter>Header Files\core\backbone\context\raylib</Filter>
    </ClInclude>
    <ClInclude Include="$(MSBuildThisFileDirectory)include\araylibtextures.hpp">
      <Filter>Header Files\core\backbone\context\raylib</Filter>
    </ClInclude>
    <ClInclude Include="$(MSBuildThisFileDirectory)include\araylibstate.hpp">
      <Filter>Header Files\core\backbone\context\raylib</Filter>
    </ClInclude>
    <ClInclude Include="$(MSBuildThisFileDirectory)include\asfmlcontext.hpp">
      <Filter>Header Files\core\backbone\context\sfml</Filter>
    </ClInclude>
    <ClInclude Include="$(MSBuildThisFileDirectory)include\asfmlrenderer.hpp">
      <Filter>Header Files\core\backbone\context\sfml</Filter>
    </ClInclude>
    <ClInclude Include="$(MSBuildThisFileDirectory)include\asfmlstate.hpp">
      <Filter>Header Files\core\backbone\context\sfml</Filter>
    </ClInclude>
    <ClInclude Include="$(MSBuildThisFileDirectory)include\asfmltextures.hpp">
      <Filter>Header Files\core\backbone\context\sfml</Filter>
    </ClInclude>
    <ClInclude Include="$(MSBuildThisFileDirectory)include\aenginesystems.hpp">
      <Filter>Header Files\core</Filter>
    </ClInclude>
    <ClInclude Include="$(MSBuildThisFileDirectory)include\araylibcontextinput.hpp">
      <Filter>Header Files\core\backbone\context\raylib</Filter>
    </ClInclude>
    <ClInclude Include="$(MSBuildThisFileDirectory)include\acontextwindow.hpp">
      <Filter>Header Files\core\backbone\context</Filter>
    </ClInclude>
    <ClInclude Include="$(MSBuildThisFileDirectory)include\acontextrenderer.hpp">
      <Filter>Header Files\core\backbone\context</Filter>
    </ClInclude>
    <ClInclude Include="$(MSBuildThisFileDirectory)include\acontextstate.hpp">
      <Filter>Header Files\core\backbone\context</Filter>
    </ClInclude>
    <ClInclude Include="$(MSBuildThisFileDirectory)include\acontextmultiplexer.hpp">
      <Filter>Header Files\core\backbone\context</Filter>
    </ClInclude>
    <ClInclude Include="$(MSBuildThisFileDirectory)include\aguimenu.hpp">
      <Filter>Header Files\core\backbone\applications\menu</Filter>
    </ClInclude>
    <ClInclude Include="$(MSBuildThisFileDirectory)include\asoftrenderer_context.hpp">
      <Filter>Header Files\core\backbone\context\software</Filter>
    </ClInclude>
    <ClInclude Include="$(MSBuildThisFileDirectory)include\asoftrenderer_quad.hpp">
      <Filter>Header Files\core\backbone\context\software</Filter>
    </ClInclude>
    <ClInclude Include="$(MSBuildThisFileDirectory)include\asoftrenderer_renderer.hpp">
      <Filter>Header Files\core\backbone\context\software</Filter>
    </ClInclude>
    <ClInclude Include="$(MSBuildThisFileDirectory)include\asoftrenderer_state.hpp">
      <Filter>Header Files\core\backbone\context\software</Filter>
    </ClInclude>
    <ClInclude Include="$(MSBuildThisFileDirectory)include\asoftrenderer_textures.hpp">
      <Filter>Header Files\core\backbone\context\software</Filter>
    </ClInclude>
    <ClInclude Include="$(MSBuildThisFileDirectory)include\aatomicfunction.hpp">
      <Filter>Header Files\core\utilities</Filter>
    </ClInclude>
    <ClInclude Include="$(MSBuildThisFileDirectory)include\amovementevent.hpp">
      <Filter>Header Files\events</Filter>
    </ClInclude>
    <ClInclude Include="$(MSBuildThisFileDirectory)include\awindowdata.hpp">
      <Filter>Header Files\core\backbone\context</Filter>
    </ClInclude>
    <ClInclude Include="$(MSBuildThisFileDirectory)include\acommandqueue.hpp">
      <Filter>Header Files\core\backbone\context</Filter>
    </ClInclude>
    <ClInclude Include="$(MSBuildThisFileDirectory)include\acontexttype.hpp">
      <Filter>Header Files\core\backbone\context</Filter>
    </ClInclude>
    <ClInclude Include="$(MSBuildThisFileDirectory)include\acontextcontrol.hpp">
      <Filter>Header Files\core\backbone\context</Filter>
    </ClInclude>
    <ClInclude Include="$(MSBuildThisFileDirectory)include\asceneserializer.hpp">
      <Filter>Header Files\core\scene</Filter>
    </ClInclude>
    <ClInclude Include="$(MSBuildThisFileDirectory)include\adiagnostics.hpp">
      <Filter>Header Files\core\utilities</Filter>
    </ClInclude>
    <ClInclude Include="$(MSBuildThisFileDirectory)include\astringconverter.hpp">
      <Filter>Header Files\core\utilities</Filter>
    </ClInclude>
    <ClInclude Include="$(MSBuildThisFileDirectory)include\ascriptingsystem.hpp">
      <Filter>Header Files\core\scripting\cpp</Filter>
    </ClInclude>
    <ClInclude Include="$(MSBuildThisFileDirectory)include\aenginebindings.hpp">
      <Filter>Header Files\core\scripting\cpp</Filter>
    </ClInclude>
    <ClInclude Include="$(MSBuildThisFileDirectory)include\acompiler.hpp">
      <Filter>Header Files\core\scripting\cpp</Filter>
    </ClInclude>
    <ClInclude Include="$(MSBuildThisFileDirectory)include\afontrenderer.hpp">
      <Filter>Header Files\core\textures\sprites\font</Filter>
    </ClInclude>
    <ClInclude Include="$(MSBuildThisFileDirectory)include\aopenglplatform.hpp">
      <Filter>Header Files\core\backbone\context\opengl</Filter>
    </ClInclude>
    <ClInclude Include="$(MSBuildThisFileDirectory)include\aplatformpump.hpp">
      <Filter>Header Files\core\userinterface</Filter>
    </ClInclude>
  </ItemGroup>
  <ItemGroup>
    <Image Include="$(MSBuildThisFileDirectory)src\icon.ico">
      <Filter>Resource Files</Filter>
    </Image>
  </ItemGroup>
  <ItemGroup>
    <None Include="$(MSBuildThisFileDirectory)src\WinResource.aps">
      <Filter>Resource Files</Filter>
    </None>
    <None Include="$(MSBuildThisFileDirectory)vcpkg.json">
      <Filter>Resource Files</Filter>
    </None>
    <None Include="$(MSBuildThisFileDirectory)modules\.gitkeep">
      <Filter>Module Files</Filter>
    </None>
  </ItemGroup>
  <ItemGroup>
    <ResourceCompile Include="$(MSBuildThisFileDirectory)src\WinResource.rc">
      <Filter>Resource Files</Filter>
    </ResourceCompile>
  </ItemGroup>
  <ItemGroup>
    <ClCompile Include="$(MSBuildThisFileDirectory)src\acompiler.cpp">
      <Filter>Source Files</Filter>
    </ClCompile>
    <ClCompile Include="$(MSBuildThisFileDirectory)src\aeditor.cpp">
      <Filter>Source Files</Filter>
    </ClCompile>
    <ClCompile Include="$(MSBuildThisFileDirectory)src\aengine.cpp">
      <Filter>Source Files</Filter>
    </ClCompile>
    <ClCompile Include="$(MSBuildThisFileDirectory)src\afilewatch.cpp">
      <Filter>Source Files</Filter>
    </ClCompile>
    <ClCompile Include="$(MSBuildThisFileDirectory)src\afontrenderer.cpp">
      <Filter>Source Files</Filter>
    </ClCompile>
    <ClCompile Include="$(MSBuildThisFileDirectory)src\agui.cpp">
      <Filter>Source Files</Filter>
    </ClCompile>
    <ClCompile Include="$(MSBuildThisFileDirectory)src\scripts\editor_launcher.ascript.cpp">
      <Filter>Source Files</Filter>
    </ClCompile>
    <ClCompile Include="$(MSBuildThisFileDirectory)src\ascriptingsystem.cpp">
      <Filter>Source Files</Filter>
    </ClCompile>
    <ClCompile Include="$(MSBuildThisFileDirectory)src\updater_bootstrap.cpp">
      <Filter>Source Files</Filter>
    </ClCompile>
    <ClCompile Include="$(MSBuildThisFileDirectory)src\acontextmultiplexer_linux.cpp">
      <Filter>Source Files\crossplatform</Filter>
    </ClCompile>
    <ClCompile Include="$(MSBuildThisFileDirectory)src\acontextmultiplexer_win.cpp">
      <Filter>Source Files\crossplatform</Filter>
    </ClCompile>
    <ClCompile Include="$(MSBuildThisFileDirectory)src\aopenglplatform_linux.cpp">
      <Filter>Source Files\crossplatform</Filter>
    </ClCompile>
    <ClCompile Include="$(MSBuildThisFileDirectory)src\aopenglplatform_win.cpp">
      <Filter>Source Files\crossplatform</Filter>
    </ClCompile>
    <ClCompile Include="$(MSBuildThisFileDirectory)modules\amovementevent.ixx">
      <Filter>Module Files\ixx</Filter>
    </ClCompile>
    <ClCompile Include="$(MSBuildThisFileDirectory)modules\aeventsystem.ixx">
      <Filter>Module Files\ixx</Filter>
    </ClCompile>
    <ClCompile Include="$(MSBuildThisFileDirectory)modules\aeditor.ixx">
      <Filter>Module Files\ixx</Filter>
    </ClCompile>
    <ClCompile Include="$(MSBuildThisFileDirectory)modules\agui.ixx">
      <Filter>Module Files\ixx</Filter>
    </ClCompile>
    <ClCompile Include="$(MSBuildThisFileDirectory)modules\anet.ixx">
      <Filter>Module Files\ixx</Filter>
    </ClCompile>
    <ClCompile Include="$(MSBuildThisFileDirectory)modules\asaveloadsystem.ixx">
      <Filter>Module Files\ixx</Filter>
    </ClCompile>
    <ClCompile Include="$(MSBuildThisFileDirectory)modules\aengine.bindings.ixx">
      <Filter>Module Files\ixx\core</Filter>
    </ClCompile>
    <ClCompile Include="$(MSBuildThisFileDirectory)modules\aengine.cli.ixx">
      <Filter>Module Files\ixx\core</Filter>
    </ClCompile>
    <ClCompile Include="$(MSBuildThisFileDirectory)modules\aengine.diagnostics.ixx">
      <Filter>Module Files\ixx\core</Filter>
    </ClCompile>
    <ClCompile Include="$(MSBuildThisFileDirectory)modules\aengine.engine_components.ixx">
      <Filter>Module Files\ixx\core</Filter>
    </ClCompile>
    <ClCompile Include="$(MSBuildThisFileDirectory)modules\aengine.handles.ixx">
      <Filter>Module Files\ixx\core</Filter>
    </ClCompile>
    <ClCompile Include="$(MSBuildThisFileDirectory)modules\aengine.ixx">
      <Filter>Module Files\ixx\core</Filter>
    </ClCompile>
    <ClCompile Include="$(MSBuildThisFileDirectory)modules\aengine.platform.ixx">
      <Filter>Module Files\ixx\core</Filter>
    </ClCompile>
    <ClCompile Include="$(MSBuildThisFileDirectory)modules\aengine.systems.ixx">
      <Filter>Module Files\ixx\core</Filter>
    </ClCompile>
    <ClCompile Include="$(MSBuildThisFileDirectory)modules\aengine.version.ixx">
      <Filter>Module Files\ixx\core</Filter>
    </ClCompile>
    <ClCompile Include="$(MSBuildThisFileDirectory)modules\aengineconfig.ixx">
      <Filter>Module Files\ixx\core</Filter>
    </ClCompile>
    <ClCompile Include="$(MSBuildThisFileDirectory)modules\a2048like.ixx">
      <Filter>Module Files\ixx\games</Filter>
    </ClCompile>
    <ClCompile Include="$(MSBuildThisFileDirectory)modules\atetrislike.ixx">
      <Filter>Module Files\ixx\games</Filter>
    </ClCompile>
    <ClCompile Include="$(MSBuildThisFileDirectory)modules\asnakelike.ixx">
      <Filter>Module Files\ixx\games</Filter>
    </ClCompile>
    <ClCompile Include="$(MSBuildThisFileDirectory)modules\asokobanlike.ixx">
      <Filter>Module Files\ixx\games</Filter>
    </ClCompile>
    <ClCompile Include="$(MSBuildThisFileDirectory)modules\aslidingpuzzlelike.ixx">
      <Filter>Module Files\ixx\games</Filter>
    </ClCompile>
    <ClCompile Include="$(MSBuildThisFileDirectory)modules\asandsim.ixx">
      <Filter>Module Files\ixx\games</Filter>
    </ClCompile>
    <ClCompile Include="$(MSBuildThisFileDirectory)modules\apacmanlike.ixx">
      <Filter>Module Files\ixx\games</Filter>
    </ClCompile>
    <ClCompile Include="$(MSBuildThisFileDirectory)modules\aminesweeperlike.ixx">
      <Filter>Module Files\ixx\games</Filter>
    </ClCompile>
    <ClCompile Include="$(MSBuildThisFileDirectory)modules\amatch3like.ixx">
      <Filter>Module Files\ixx\games</Filter>
    </ClCompile>
    <ClCompile Include="$(MSBuildThisFileDirectory)modules\afroggerlike.ixx">
      <Filter>Module Files\ixx\games</Filter>
    </ClCompile>
    <ClCompile Include="$(MSBuildThisFileDirectory)modules\agamecore.ixx">
      <Filter>Module Files\ixx\games</Filter>
    </ClCompile>
    <ClCompile Include="$(MSBuildThisFileDirectory)modules\acellularsim.ixx">
      <Filter>Module Files\ixx\games</Filter>
    </ClCompile>
    <ClCompile Include="$(MSBuildThisFileDirectory)modules\aallocator.ixx">
      <Filter>Module Files\ixx\utilities</Filter>
    </ClCompile>
    <ClCompile Include="$(MSBuildThisFileDirectory)modules\aatomicfunction.ixx">
      <Filter>Module Files\ixx\utilities</Filter>
    </ClCompile>
    <ClCompile Include="$(MSBuildThisFileDirectory)modules\acommandline.ixx">
      <Filter>Module Files\ixx\utilities</Filter>
    </ClCompile>
    <ClCompile Include="$(MSBuildThisFileDirectory)modules\acodeinspector.ixx">
      <Filter>Module Files\ixx\utilities</Filter>
    </ClCompile>
    <ClCompile Include="$(MSBuildThisFileDirectory)modules\aenduserapplication.ixx">
      <Filter>Module Files\ixx\games</Filter>
    </ClCompile>
    <ClCompile Include="$(MSBuildThisFileDirectory)modules\aapplicationmodule.ixx">
      <Filter>Module Files\ixx\games</Filter>
    </ClCompile>
    <ClCompile Include="$(MSBuildThisFileDirectory)modules\anoheapguard.ixx">
      <Filter>Module Files\ixx\utilities</Filter>
    </ClCompile>
    <ClCompile Include="$(MSBuildThisFileDirectory)modules\afilewatch.ixx">
      <Filter>Module Files\ixx\utilities</Filter>
    </ClCompile>
    <ClCompile Include="$(MSBuildThisFileDirectory)modules\aengine.core.time.ixx">
      <Filter>Module Files\ixx\utilities</Filter>
    </ClCompile>
    <ClCompile Include="$(MSBuildThisFileDirectory)modules\aengine.core.logger.ixx">
      <Filter>Module Files\ixx\utilities</Filter>
    </ClCompile>
    <ClCompile Include="$(MSBuildThisFileDirectory)modules\alogger.ixx">
      <Filter>Module Files\ixx\utilities</Filter>
    </ClCompile>
    <ClCompile Include="$(MSBuildThisFileDirectory)modules\aengine.core.utilities.ixx">
      <Filter>Module Files\ixx\utilities</Filter>
    </ClCompile>
    <ClCompile Include="$(MSBuildThisFileDirectory)modules\aengine.core.types.ixx">
      <Filter>Module Files\ixx\utilities</Filter>
    </ClCompile>
    <ClCompile Include="$(MSBuildThisFileDirectory)modules\afontrenderer.ixx">
      <Filter>Module Files\ixx\utilities</Filter>
    </ClCompile>
    <ClCompile Include="$(MSBuildThisFileDirectory)modules\amipmapatlas.ixx">
      <Filter>Module Files\ixx\utilities</Filter>
    </ClCompile>
    <ClCompile Include="$(MSBuildThisFileDirectory)modules\aimageatlaswriter.ixx">
      <Filter>Module Files\ixx\textures</Filter>
    </ClCompile>
    <ClCompile Include="$(MSBuildThisFileDirectory)modules\aimageloader.ixx">
      <Filter>Module Files\ixx\textures</Filter>
    </ClCompile>
    <ClCompile Include="$(MSBuildThisFileDirectory)modules\aimagewriter.ixx">
      <Filter>Module Files\ixx\textures</Filter>
    </ClCompile>
    <ClCompile Include="$(MSBuildThisFileDirectory)modules\atexture.ixx">
      <Filter>Module Files\ixx\textures</Filter>
    </ClCompile>
    <ClCompile Include="$(MSBuildThisFileDirectory)modules\aengine.context.cppm">
      <Filter>Module Files\cppm</Filter>
    </ClCompile>
    <ClCompile Include="$(MSBuildThisFileDirectory)modules\aatlas.manager.ixx">
      <Filter>Module Files\ixx\textures\atlas</Filter>
    </ClCompile>
    <ClCompile Include="$(MSBuildThisFileDirectory)modules\aatlas.texture.ixx">
      <Filter>Module Files\ixx\textures\atlas</Filter>
    </ClCompile>
    <ClCompile Include="$(MSBuildThisFileDirectory)modules\aspriteregistry.ixx">
      <Filter>Module Files\ixx\textures\sprite</Filter>
    </ClCompile>
    <ClCompile Include="$(MSBuildThisFileDirectory)modules\aspritepool.ixx">
      <Filter>Module Files\ixx\textures\sprite</Filter>
    </ClCompile>
    <ClCompile Include="$(MSBuildThisFileDirectory)modules\aspritehandle.ixx">
      <Filter>Module Files\ixx\textures\sprite</Filter>
    </ClCompile>
    <ClCompile Include="$(MSBuildThisFileDirectory)modules\acontext.opengl.context.ixx">
      <Filter>Module Files\ixx\core\backbone\context\opengl</Filter>
    </ClCompile>
    <ClCompile Include="$(MSBuildThisFileDirectory)modules\acontext.opengl.renderer.ixx">
      <Filter>Module Files\ixx\core\backbone\context\opengl</Filter>
    </ClCompile>
    <ClCompile Include="$(MSBuildThisFileDirectory)modules\acontext.opengl.textures.ixx">
      <Filter>Module Files\ixx\core\backbone\context\opengl</Filter>
    </ClCompile>
    <ClCompile Include="$(MSBuildThisFileDirectory)modules\acontext.sdl.context.ixx">
      <Filter>Module Files\ixx\core\backbone\context\sdl</Filter>
    </ClCompile>
    <ClCompile Include="$(MSBuildThisFileDirectory)modules\acontext.sdl.renderer.ixx">
      <Filter>Module Files\ixx\core\backbone\context\sdl</Filter>
    </ClCompile>
    <ClCompile Include="$(MSBuildThisFileDirectory)modules\acontext.sdl.state.ixx">
      <Filter>Module Files\ixx\core\backbone\context\sdl</Filter>
    </ClCompile>
    <ClCompile Include="$(MSBuildThisFileDirectory)modules\acontext.sdl.textures.ixx">
      <Filter>Module Files\ixx\core\backbone\context\sdl</Filter>
    </ClCompile>
    <ClCompile Include="$(MSBuildThisFileDirectory)modules\acontext.softrenderer.textures.ixx">
      <Filter>Module Files\ixx\core\backbone\context\software</Filter>
    </ClCompile>
    <ClCompile Include="$(MSBuildThisFileDirectory)modules\acontext.softrenderer.state.ixx">
      <Filter>Module Files\ixx\core\backbone\context\software</Filter>
    </ClCompile>
    <ClCompile Include="$(MSBuildThisFileDirectory)modules\acontext.softrenderer.renderer.ixx">
      <Filter>Module Files\ixx\core\backbone\context\software</Filter>
    </ClCompile>
    <ClCompile Include="$(MSBuildThisFileDirectory)modules\acontext.softrenderer.quad.ixx">
      <Filter>Module Files\ixx\core\backbone\context\software</Filter>
    </ClCompile>
    <ClCompile Include="$(MSBuildThisFileDirectory)modules\acontext.softrenderer.context.ixx">
      <Filter>Module Files\ixx\core\backbone\context\software</Filter>
    </ClCompile>
    <ClCompile Include="$(MSBuildThisFileDirectory)modules\aengine.context.raylib.ixx">
      <Filter>Module Files\ixx\core\backbone\context\raylib</Filter>
    </ClCompile>
    <ClCompile Include="$(MSBuildThisFileDirectory)modules\aengine.context.sdl.ixx">
      <Filter>Module Files\ixx\core\backbone\context\sdl</Filter>
    </ClCompile>
    <ClCompile Include="$(MSBuildThisFileDirectory)modules\aengine.context.software.ixx">
      <Filter>Module Files\ixx\core\backbone\context\software</Filter>
    </ClCompile>
    <ClCompile Include="$(MSBuildThisFileDirectory)modules\aopenglcontext.ixx">
      <Filter>Module Files\ixx\core\backbone\context\opengl</Filter>
    </ClCompile>
    <ClCompile Include="$(MSBuildThisFileDirectory)modules\aopenglfreetype.ixx">
      <Filter>Module Files\ixx\core\backbone\context\opengl</Filter>
    </ClCompile>
    <ClCompile Include="$(MSBuildThisFileDirectory)modules\aopenglplatform.ixx">
      <Filter>Module Files\ixx\core\backbone\context\opengl</Filter>
    </ClCompile>
    <ClCompile Include="$(MSBuildThisFileDirectory)modules\aopenglquad.ixx">
      <Filter>Module Files\ixx\core\backbone\context\opengl</Filter>
    </ClCompile>
    <ClCompile Include="$(MSBuildThisFileDirectory)modules\aopenglrenderer.ixx">
      <Filter>Module Files\ixx\core\backbone\context\opengl</Filter>
    </ClCompile>
    <ClCompile Include="$(MSBuildThisFileDirectory)modules\aopenglstate.ixx">
      <Filter>Module Files\ixx\core\backbone\context\opengl</Filter>
    </ClCompile>
    <ClCompile Include="$(MSBuildThisFileDirectory)modules\aopengltextures.ixx">
      <Filter>Module Files\ixx\core\backbone\context\opengl</Filter>
    </ClCompile>
    <ClCompile Include="$(MSBuildThisFileDirectory)modules\aopengltriangle.ixx">
      <Filter>Module Files\ixx\core\backbone\context\opengl</Filter>
    </ClCompile>
    <ClCompile Include="$(MSBuildThisFileDirectory)modules\araylibcontext.ixx">
      <Filter>Module Files\ixx\core\backbone\context\raylib</Filter>
    </ClCompile>
    <ClCompile Include="$(MSBuildThisFileDirectory)modules\araylibcontextinput.ixx">
      <Filter>Module Files\ixx\core\backbone\context\raylib</Filter>
    </ClCompile>
    <ClCompile Include="$(MSBuildThisFileDirectory)modules\araylibrenderer.ixx">
      <Filter>Module Files\ixx\core\backbone\context\raylib</Filter>
    </ClCompile>
    <ClCompile Include="$(MSBuildThisFileDirectory)modules\araylibstate.ixx">
      <Filter>Module Files\ixx\core\backbone\context\raylib</Filter>
    </ClCompile>
    <ClCompile Include="$(MSBuildThisFileDirectory)modules\araylibtextures.ixx">
      <Filter>Module Files\ixx\core\backbone\context\raylib</Filter>
    </ClCompile>
    <ClCompile Include="$(MSBuildThisFileDirectory)modules\asdltextures.ixx">
      <Filter>Module Files\ixx\core\backbone\context\sdl</Filter>
    </ClCompile>
    <ClCompile Include="$(MSBuildThisFileDirectory)modules\asdlcontextrenderer.ixx">
      <Filter>Module Files\ixx\core\backbone\context\sdl</Filter>
    </ClCompile>
    <ClCompile Include="$(MSBuildThisFileDirectory)modules\asdlcontext.ixx">
      <Filter>Module Files\ixx\core\backbone\context\sdl</Filter>
    </ClCompile>
    <ClCompile Include="$(MSBuildThisFileDirectory)modules\avulkantriangle.ixx">
      <Filter>Module Files\ixx\core\backbone\context\vulkan</Filter>
    </ClCompile>
    <ClCompile Include="$(MSBuildThisFileDirectory)modules\avulkantexture.ixx">
      <Filter>Module Files\ixx\core\backbone\context\vulkan</Filter>
    </ClCompile>
    <ClCompile Include="$(MSBuildThisFileDirectory)modules\avulkanswapchain.ixx">
      <Filter>Module Files\ixx\core\backbone\context\vulkan</Filter>
    </ClCompile>
    <ClCompile Include="$(MSBuildThisFileDirectory)modules\avulkanshaderpipeline.ixx">
      <Filter>Module Files\ixx\core\backbone\context\vulkan</Filter>
    </ClCompile>
    <ClCompile Include="$(MSBuildThisFileDirectory)modules\avulkanrenderer.ixx">
      <Filter>Module Files\ixx\core\backbone\context\vulkan</Filter>
    </ClCompile>
    <ClCompile Include="$(MSBuildThisFileDirectory)modules\avulkanquad.ixx">
      <Filter>Module Files\ixx\core\backbone\context\vulkan</Filter>
    </ClCompile>
    <ClCompile Include="$(MSBuildThisFileDirectory)modules\avulkanglfwsetup.ixx">
      <Filter>Module Files\ixx\core\backbone\context\vulkan</Filter>
    </ClCompile>
    <ClCompile Include="$(MSBuildThisFileDirectory)modules\aengine.input.ixx">
      <Filter>Module Files\ixx\input</Filter>
    </ClCompile>
    <ClCompile Include="$(MSBuildThisFileDirectory)modules\aengine.commandqueue.ixx">
      <Filter>Module Files\ixx\core\backbone\context</Filter>
    </ClCompile>
    <ClCompile Include="$(MSBuildThisFileDirectory)modules\aengine.context.commandqueue.ixx">
      <Filter>Module Files\ixx\core\backbone\context</Filter>
    </ClCompile>
    <ClCompile Include="$(MSBuildThisFileDirectory)modules\aengine.context.control.ixx">
      <Filter>Module Files\ixx\core\backbone\context</Filter>
    </ClCompile>
    <ClCompile Include="$(MSBuildThisFileDirectory)modules\aengine.context.ixx">
      <Filter>Module Files\ixx\core\backbone\context</Filter>
    </ClCompile>
    <ClCompile Include="$(MSBuildThisFileDirectory)modules\aengine.context.multiplexer.ixx">
      <Filter>Module Files\ixx\core\backbone\context</Filter>
    </ClCompile>
    <ClCompile Include="$(MSBuildThisFileDirectory)modules\aengine.context.render.ixx">
      <Filter>Module Files\ixx\core\backbone\context</Filter>
    </ClCompile>
    <ClCompile Include="$(MSBuildThisFileDirectory)modules\aengine.context.state.ixx">
      <Filter>Module Files\ixx\core\backbone\context</Filter>
    </ClCompile>
    <ClCompile Include="$(MSBuildThisFileDirectory)modules\aengine.context.type.ixx">
      <Filter>Module Files\ixx\core\backbone\context</Filter>
    </ClCompile>
    <ClCompile Include="$(MSBuildThisFileDirectory)modules\aengine.context.window.ixx">
      <Filter>Module Files\ixx\core\backbone\context</Filter>
    </ClCompile>
    <ClCompile Include="$(MSBuildThisFileDirectory)modules\acontext.noop.context.ixx">
      <Filter>Module Files\ixx\core\backbone\context\noop</Filter>
    </ClCompile>
    <ClCompile Include="$(MSBuildThisFileDirectory)modules\asfmlcontext.ixx">
      <Filter>Module Files\ixx\core\backbone\context\sfml</Filter>
    </ClCompile>
    <ClCompile Include="$(MSBuildThisFileDirectory)modules\asfmlrenderer.ixx">
      <Filter>Module Files\ixx\core\backbone\context\sfml</Filter>
    </ClCompile>
    <ClCompile Include="$(MSBuildThisFileDirectory)modules\asfmlstate.ixx">
      <Filter>Module Files\ixx\core\backbone\context\sfml</Filter>
    </ClCompile>
    <ClCompile Include="$(MSBuildThisFileDirectory)modules\asfmltextures.ixx">
      <Filter>Module Files\ixx\core\backbone\context\sfml</Filter>
    </ClCompile>
    <ClCompile Include="$(MSBuildThisFileDirectory)modules\aecs.components.ixx">
      <Filter>Module Files\ixx\ecs</Filter>
    </ClCompile>
    <ClCompile Include="$(MSBuildThisFileDirectory)modules\aecs.internal_private.ixx">
      <Filter>Module Files\ixx\ecs</Filter>
    </ClCompile>
    <ClCompile Include="$(MSBuildThisFileDirectory)modules\aecs.ixx">
      <Filter>Module Files\ixx\ecs</Filter>
    </ClCompile>
    <ClCompile Include="$(MSBuildThisFileDirectory)modules\aecs.storage.ixx">
      <Filter>Module Files\ixx\ecs</Filter>
    </ClCompile>
    <ClCompile Include="$(MSBuildThisFileDirectory)modules\aentity.ixx">
      <Filter>Module Files\ixx\ecs</Filter>
    </ClCompile>
    <ClCompile Include="$(MSBuildThisFileDirectory)modules\aentity.component.manager.ixx">
      <Filter>Module Files\ixx\ecs</Filter>
    </ClCompile>
    <ClCompile Include="$(MSBuildThisFileDirectory)modules\aentity.components.ixx">
      <Filter>Module Files\ixx\ecs</Filter>
    </ClCompile>
    <ClCompile Include="$(MSBuildThisFileDirectory)modules\aentityhistory.ixx">
      <Filter>Module Files\ixx\ecs</Filter>
    </ClCompile>
    <ClCompile Include="$(MSBuildThisFileDirectory)modules\aengine.updater.system.ixx">
      <Filter>Module Files\ixx\updater</Filter>
    </ClCompile>
    <ClCompile Include="$(MSBuildThisFileDirectory)modules\aengine.updater.config.ixx">
      <Filter>Module Files\ixx\updater</Filter>
    </ClCompile>
    <ClCompile Include="$(MSBuildThisFileDirectory)modules\aengine.updater.ixx">
      <Filter>Module Files\ixx\updater</Filter>
    </ClCompile>
    <ClCompile Include="$(MSBuildThisFileDirectory)modules\aengine.updater.tools.ixx">
      <Filter>Module Files\ixx\updater</Filter>
    </ClCompile>
    <ClCompile Include="$(MSBuildThisFileDirectory)modules\ascene.ixx">
      <Filter>Module Files\ixx\scene</Filter>
    </ClCompile>
    <ClCompile Include="$(MSBuildThisFileDirectory)modules\asceneserializer.ixx">
      <Filter>Module Files\ixx\scene</Filter>
    </ClCompile>
    <ClCompile Include="$(MSBuildThisFileDirectory)modules\ascenesnapshot.ixx">
      <Filter>Module Files\ixx\scene</Filter>
    </ClCompile>
    <ClCompile Include="$(MSBuildThisFileDirectory)modules\ascriptingsystem.ixx">
      <Filter>Module Files\ixx\scripting</Filter>
    </ClCompile>
    <ClCompile Include="$(MSBuildThisFileDirectory)modules\ataskgraphwithdot.ixx">
      <Filter>Module Files\ixx\multithreading</Filter>
    </ClCompile>
    <ClCompile Include="$(MSBuildThisFileDirectory)modules\atypes.ixx">
      <Filter>Module Files\ixx\platform</Filter>
    </ClCompile>
    <ClCompile Include="$(MSBuildThisFileDirectory)modules\atypesposix.ixx">
      <Filter>Module Files\ixx\platform</Filter>
    </ClCompile>
    <ClCompile Include="$(MSBuildThisFileDirectory)modules\atypeswin32.ixx">
      <Filter>Module Files\ixx\platform</Filter>
    </ClCompile>
    <ClCompile Include="$(MSBuildThisFileDirectory)modules\astringconverter.ixx">
      <Filter>Module Files\ixx\utilities</Filter>
    </ClCompile>
    <ClCompile Include="$(MSBuildThisFileDirectory)modules\ampmcboundedqueue.ixx">
      <Filter>Module Files\ixx\multithreading</Filter>
    </ClCompile>
    <ClCompile Include="$(MSBuildThisFileDirectory)modules\aengine.gui.menu.ixx">
      <Filter>Module Files\ixx</Filter>
    </ClCompile>
    <ClCompile Include="$(MSBuildThisFileDirectory)modules\acompiler.ixx">
      <Filter>Module Files\ixx\scripting</Filter>
    </ClCompile>
    <ClCompile Include="$(MSBuildThisFileDirectory)modules\aplatformpump.ixx">
      <Filter>Module Files\ixx\platform</Filter>
    </ClCompile>
    <ClCompile Include="$(MSBuildThisFileDirectory)modules\aframework.ixx">
      <Filter>Module Files\ixx\platform</Filter>
    </ClCompile>
    <ClCompile Include="$(MSBuildThisFileDirectory)modules\almondshell.ixx">
      <Filter>Module Files\ixx</Filter>
    </ClCompile>
    <ClCompile Include="$(MSBuildThisFileDirectory)modules\aengine.core.context.ixx">
      <Filter>Module Files\ixx\core</Filter>
    </ClCompile>
  </ItemGroup>
</Project>